
Microsoft Visual Studio Solution File, Format Version 12.00
# Visual Studio Version 17
VisualStudioVersion = 17.1.32319.34
MinimumVisualStudioVersion = 10.0.40219.1
Project("{FAE04EC0-301F-11D3-BF4B-00C04F79EFBC}") = "AutomobileLibrary", "AutomobileLibrary\AutomobileLibrary.csproj", "{1E28106C-C5E2-4073-A1C4-449FD4AF6ACD}"
EndProject
Project("{FAE04EC0-301F-11D3-BF4B-00C04F79EFBC}") = "AutomobileWinApp", "AutomobileWinApp\AutomobileWinApp.csproj", "{9F1126C7-EB68-4C5D-B3FB-59848D3A0DAB}"
EndProject
Global
	GlobalSection(SolutionConfigurationPlatforms) = preSolution
		Debug|Any CPU = Debug|Any CPU
		Release|Any CPU = Release|Any CPU
	EndGlobalSection
	GlobalSection(ProjectConfigurationPlatforms) = postSolution
		{1E28106C-C5E2-4073-A1C4-449FD4AF6ACD}.Debug|Any CPU.ActiveCfg = Debug|Any CPU
		{1E28106C-C5E2-4073-A1C4-449FD4AF6ACD}.Debug|Any CPU.Build.0 = Debug|Any CPU
		{1E28106C-C5E2-4073-A1C4-449FD4AF6ACD}.Release|Any CPU.ActiveCfg = Release|Any CPU
		{1E28106C-C5E2-4073-A1C4-449FD4AF6ACD}.Release|Any CPU.Build.0 = Release|Any CPU
		{9F1126C7-EB68-4C5D-B3FB-59848D3A0DAB}.Debug|Any CPU.ActiveCfg = Debug|Any CPU
		{9F1126C7-EB68-4C5D-B3FB-59848D3A0DAB}.Debug|Any CPU.Build.0 = Debug|Any CPU
		{9F1126C7-EB68-4C5D-B3FB-59848D3A0DAB}.Release|Any CPU.ActiveCfg = Release|Any CPU
		{9F1126C7-EB68-4C5D-B3FB-59848D3A0DAB}.Release|Any CPU.Build.0 = Release|Any CPU
	EndGlobalSection
	GlobalSection(SolutionProperties) = preSolution
		HideSolutionNode = FALSE
	EndGlobalSection
	GlobalSection(ExtensibilityGlobals) = postSolution
		SolutionGuid = {EABBA100-8E28-4DBA-A700-4A0ACC7F3529}
	EndGlobalSection
EndGlobal
